
Microsoft Visual Studio Solution File, Format Version 12.00
# Visual Studio Version 17
VisualStudioVersion = 17.6.33723.286
MinimumVisualStudioVersion = 10.0.40219.1
Project("{FAE04EC0-301F-11D3-BF4B-00C04F79EFBC}") = "BlazorDynamicJsComponent.Server", "BlazorDynamicJsComponent\Server\BlazorDynamicJsComponent.Server.csproj", "{70F353E0-1E7A-44D9-89BB-F9CC2D23FF72}"
EndProject
Project("{FAE04EC0-301F-11D3-BF4B-00C04F79EFBC}") = "BlazorDynamicJsComponent.Client", "BlazorDynamicJsComponent\Client\BlazorDynamicJsComponent.Client.csproj", "{60CE17B3-967F-408D-BDE8-B2CFAD3F30F0}"
EndProject
Project("{FAE04EC0-301F-11D3-BF4B-00C04F79EFBC}") = "BlazorDynamicJsComponent.Shared", "BlazorDynamicJsComponent\Shared\BlazorDynamicJsComponent.Shared.csproj", "{1F8DCF27-8575-4745-AAAB-410B12FF9D46}"
EndProject
Global
	GlobalSection(SolutionConfigurationPlatforms) = preSolution
		Debug|Any CPU = Debug|Any CPU
		Release|Any CPU = Release|Any CPU
	EndGlobalSection
	GlobalSection(ProjectConfigurationPlatforms) = postSolution
		{70F353E0-1E7A-44D9-89BB-F9CC2D23FF72}.Debug|Any CPU.ActiveCfg = Debug|Any CPU
		{70F353E0-1E7A-44D9-89BB-F9CC2D23FF72}.Debug|Any CPU.Build.0 = Debug|Any CPU
		{70F353E0-1E7A-44D9-89BB-F9CC2D23FF72}.Release|Any CPU.ActiveCfg = Release|Any CPU
		{70F353E0-1E7A-44D9-89BB-F9CC2D23FF72}.Release|Any CPU.Build.0 = Release|Any CPU
		{60CE17B3-967F-408D-BDE8-B2CFAD3F30F0}.Debug|Any CPU.ActiveCfg = Debug|Any CPU
		{60CE17B3-967F-408D-BDE8-B2CFAD3F30F0}.Debug|Any CPU.Build.0 = Debug|Any CPU
		{60CE17B3-967F-408D-BDE8-B2CFAD3F30F0}.Release|Any CPU.ActiveCfg = Release|Any CPU
		{60CE17B3-967F-408D-BDE8-B2CFAD3F30F0}.Release|Any CPU.Build.0 = Release|Any CPU
		{1F8DCF27-8575-4745-AAAB-410B12FF9D46}.Debug|Any CPU.ActiveCfg = Debug|Any CPU
		{1F8DCF27-8575-4745-AAAB-410B12FF9D46}.Debug|Any CPU.Build.0 = Debug|Any CPU
		{1F8DCF27-8575-4745-AAAB-410B12FF9D46}.Release|Any CPU.ActiveCfg = Release|Any CPU
		{1F8DCF27-8575-4745-AAAB-410B12FF9D46}.Release|Any CPU.Build.0 = Release|Any CPU
	EndGlobalSection
	GlobalSection(SolutionProperties) = preSolution
		HideSolutionNode = FALSE
	EndGlobalSection
	GlobalSection(ExtensibilityGlobals) = postSolution
		SolutionGuid = {9B6208FD-8B2A-403F-A0A6-C8BFFD917417}
	EndGlobalSection
EndGlobal
